// !$*UTF8*$!
{
	archiveVersion = 1;
	classes = {
	};
	objectVersion = 50;
	objects = {

/* Begin PBXBuildFile section */
		60DF74B122DB0ACB00629CFA /* TicTackToeTests.swift in Sources */ = {isa = PBXBuildFile; fileRef = 60DF74B022DB0ACB00629CFA /* TicTackToeTests.swift */; };
		60DF74C222DB0D2100629CFA /* Assets.xcassets in Resources */ = {isa = PBXBuildFile; fileRef = 60DF74B922DB0D2100629CFA /* Assets.xcassets */; };
		60DF74C322DB0D2100629CFA /* LaunchScreen.storyboard in Resources */ = {isa = PBXBuildFile; fileRef = 60DF74BA22DB0D2100629CFA /* LaunchScreen.storyboard */; };
		60DF74C422DB0D2100629CFA /* Main.storyboard in Resources */ = {isa = PBXBuildFile; fileRef = 60DF74BC22DB0D2100629CFA /* Main.storyboard */; };
		60DF74C522DB0D2100629CFA /* ViewController.swift in Sources */ = {isa = PBXBuildFile; fileRef = 60DF74BF22DB0D2100629CFA /* ViewController.swift */; };
		60DF74C622DB0D2100629CFA /* AppDelegate.swift in Sources */ = {isa = PBXBuildFile; fileRef = 60DF74C022DB0D2100629CFA /* AppDelegate.swift */; };
/* End PBXBuildFile section */

/* Begin PBXContainerItemProxy section */
		60DF74B322DB0ACB00629CFA /* PBXContainerItemProxy */ = {
			isa = PBXContainerItemProxy;
			containerPortal = 60DF748D22DB0A9F00629CFA /* Project object */;
			proxyType = 1;
			remoteGlobalIDString = 60DF749422DB0A9F00629CFA;
			remoteInfo = TicTackToe;
		};
/* End PBXContainerItemProxy section */

/* Begin PBXFileReference section */
		60DF749522DB0A9F00629CFA /* TicTackToe.app */ = {isa = PBXFileReference; explicitFileType = wrapper.application; includeInIndex = 0; path = TicTackToe.app; sourceTree = BUILT_PRODUCTS_DIR; };
		60DF74AE22DB0ACA00629CFA /* TicTackToeTests.xctest */ = {isa = PBXFileReference; explicitFileType = wrapper.cfbundle; includeInIndex = 0; path = TicTackToeTests.xctest; sourceTree = BUILT_PRODUCTS_DIR; };
		60DF74B022DB0ACB00629CFA /* TicTackToeTests.swift */ = {isa = PBXFileReference; lastKnownFileType = sourcecode.swift; path = TicTackToeTests.swift; sourceTree = "<group>"; };
		60DF74B222DB0ACB00629CFA /* Info.plist */ = {isa = PBXFileReference; lastKnownFileType = text.plist.xml; path = Info.plist; sourceTree = "<group>"; };
		60DF74B922DB0D2100629CFA /* Assets.xcassets */ = {isa = PBXFileReference; lastKnownFileType = folder.assetcatalog; path = Assets.xcassets; sourceTree = "<group>"; };
		60DF74BB22DB0D2100629CFA /* Base */ = {isa = PBXFileReference; lastKnownFileType = file.storyboard; name = Base; path = Base.lproj/LaunchScreen.storyboard; sourceTree = "<group>"; };
		60DF74BD22DB0D2100629CFA /* Base */ = {isa = PBXFileReference; lastKnownFileType = file.storyboard; name = Base; path = Base.lproj/Main.storyboard; sourceTree = "<group>"; };
		60DF74BF22DB0D2100629CFA /* ViewController.swift */ = {isa = PBXFileReference; fileEncoding = 4; lastKnownFileType = sourcecode.swift; path = ViewController.swift; sourceTree = "<group>"; };
		60DF74C022DB0D2100629CFA /* AppDelegate.swift */ = {isa = PBXFileReference; fileEncoding = 4; lastKnownFileType = sourcecode.swift; path = AppDelegate.swift; sourceTree = "<group>"; };
		60DF74C122DB0D2100629CFA /* Info.plist */ = {isa = PBXFileReference; fileEncoding = 4; lastKnownFileType = text.plist.xml; path = Info.plist; sourceTree = "<group>"; };
/* End PBXFileReference section */

/* Begin PBXFrameworksBuildPhase section */
		60DF749222DB0A9F00629CFA /* Frameworks */ = {
			isa = PBXFrameworksBuildPhase;
			buildActionMask = 2147483647;
			files = (
			);
			runOnlyForDeploymentPostprocessing = 0;
		};
		60DF74AB22DB0ACA00629CFA /* Frameworks */ = {
			isa = PBXFrameworksBuildPhase;
			buildActionMask = 2147483647;
			files = (
			);
			runOnlyForDeploymentPostprocessing = 0;
		};
/* End PBXFrameworksBuildPhase section */

/* Begin PBXGroup section */
		60DF748C22DB0A9F00629CFA = {
			isa = PBXGroup;
			children = (
				60DF749722DB0A9F00629CFA /* TicTackToe */,
				60DF74AF22DB0ACB00629CFA /* TicTackToeTests */,
				60DF749622DB0A9F00629CFA /* Products */,
			);
			sourceTree = "<group>";
		};
		60DF749622DB0A9F00629CFA /* Products */ = {
			isa = PBXGroup;
			children = (
				60DF749522DB0A9F00629CFA /* TicTackToe.app */,
				60DF74AE22DB0ACA00629CFA /* TicTackToeTests.xctest */,
			);
			name = Products;
			sourceTree = "<group>";
		};
		60DF749722DB0A9F00629CFA /* TicTackToe */ = {
			isa = PBXGroup;
			children = (
				60DF74BE22DB0D2100629CFA /* Source */,
				60DF74B822DB0D2100629CFA /* Resources */,
			);
			path = TicTackToe;
			sourceTree = "<group>";
		};
		60DF74AF22DB0ACB00629CFA /* TicTackToeTests */ = {
			isa = PBXGroup;
			children = (
				60DF74B022DB0ACB00629CFA /* TicTackToeTests.swift */,
				60DF74B222DB0ACB00629CFA /* Info.plist */,
			);
			path = TicTackToeTests;
			sourceTree = "<group>";
		};
		60DF74B822DB0D2100629CFA /* Resources */ = {
			isa = PBXGroup;
			children = (
				60DF74C122DB0D2100629CFA /* Info.plist */,
				60DF74C922DB0DE400629CFA /* Assets */,
			);
			path = Resources;
			sourceTree = SOURCE_ROOT;
		};
		60DF74BE22DB0D2100629CFA /* Source */ = {
			isa = PBXGroup;
			children = (
				60DF74C022DB0D2100629CFA /* AppDelegate.swift */,
				60DF74C822DB0D8500629CFA /* View */,
			);
			path = Source;
			sourceTree = SOURCE_ROOT;
		};
		60DF74C822DB0D8500629CFA /* View */ = {
			isa = PBXGroup;
			children = (
				60DF74BF22DB0D2100629CFA /* ViewController.swift */,
			);
			path = View;
			sourceTree = "<group>";
		};
		60DF74C922DB0DE400629CFA /* Assets */ = {
			isa = PBXGroup;
			children = (
				60DF74B922DB0D2100629CFA /* Assets.xcassets */,
				60DF74BA22DB0D2100629CFA /* LaunchScreen.storyboard */,
				60DF74BC22DB0D2100629CFA /* Main.storyboard */,
			);
			path = Assets;
			sourceTree = "<group>";
		};
/* End PBXGroup section */

/* Begin PBXNativeTarget section */
		60DF749422DB0A9F00629CFA /* TicTackToe */ = {
			isa = PBXNativeTarget;
			buildConfigurationList = 60DF74A722DB0AA200629CFA /* Build configuration list for PBXNativeTarget "TicTackToe" */;
			buildPhases = (
				60DF749122DB0A9F00629CFA /* Sources */,
				60DF749222DB0A9F00629CFA /* Frameworks */,
				60DF749322DB0A9F00629CFA /* Resources */,
			);
			buildRules = (
			);
			dependencies = (
			);
			name = TicTackToe;
			productName = TicTackToe;
			productReference = 60DF749522DB0A9F00629CFA /* TicTackToe.app */;
			productType = "com.apple.product-type.application";
		};
		60DF74AD22DB0ACA00629CFA /* TicTackToeTests */ = {
			isa = PBXNativeTarget;
			buildConfigurationList = 60DF74B522DB0ACB00629CFA /* Build configuration list for PBXNativeTarget "TicTackToeTests" */;
			buildPhases = (
				60DF74AA22DB0ACA00629CFA /* Sources */,
				60DF74AB22DB0ACA00629CFA /* Frameworks */,
				60DF74AC22DB0ACA00629CFA /* Resources */,
			);
			buildRules = (
			);
			dependencies = (
				60DF74B422DB0ACB00629CFA /* PBXTargetDependency */,
			);
			name = TicTackToeTests;
			productName = TicTackToeTests;
			productReference = 60DF74AE22DB0ACA00629CFA /* TicTackToeTests.xctest */;
			productType = "com.apple.product-type.bundle.unit-test";
		};
/* End PBXNativeTarget section */

/* Begin PBXProject section */
		60DF748D22DB0A9F00629CFA /* Project object */ = {
			isa = PBXProject;
			attributes = {
				LastSwiftUpdateCheck = 1020;
				LastUpgradeCheck = 1020;
				ORGANIZATIONNAME = emile;
				TargetAttributes = {
					60DF749422DB0A9F00629CFA = {
						CreatedOnToolsVersion = 10.2.1;
					};
					60DF74AD22DB0ACA00629CFA = {
						CreatedOnToolsVersion = 10.2.1;
						TestTargetID = 60DF749422DB0A9F00629CFA;
					};
				};
			};
			buildConfigurationList = 60DF749022DB0A9F00629CFA /* Build configuration list for PBXProject "TicTackToe" */;
			compatibilityVersion = "Xcode 9.3";
			developmentRegion = en;
			hasScannedForEncodings = 0;
			knownRegions = (
				en,
				Base,
			);
			mainGroup = 60DF748C22DB0A9F00629CFA;
			productRefGroup = 60DF749622DB0A9F00629CFA /* Products */;
			projectDirPath = "";
			projectRoot = "";
			targets = (
				60DF749422DB0A9F00629CFA /* TicTackToe */,
				60DF74AD22DB0ACA00629CFA /* TicTackToeTests */,
			);
		};
/* End PBXProject section */

/* Begin PBXResourcesBuildPhase section */
		60DF749322DB0A9F00629CFA /* Resources */ = {
			isa = PBXResourcesBuildPhase;
			buildActionMask = 2147483647;
			files = (
				60DF74C422DB0D2100629CFA /* Main.storyboard in Resources */,
				60DF74C222DB0D2100629CFA /* Assets.xcassets in Resources */,
				60DF74C322DB0D2100629CFA /* LaunchScreen.storyboard in Resources */,
			);
			runOnlyForDeploymentPostprocessing = 0;
		};
		60DF74AC22DB0ACA00629CFA /* Resources */ = {
			isa = PBXResourcesBuildPhase;
			buildActionMask = 2147483647;
			files = (
			);
			runOnlyForDeploymentPostprocessing = 0;
		};
/* End PBXResourcesBuildPhase section */

/* Begin PBXSourcesBuildPhase section */
		60DF749122DB0A9F00629CFA /* Sources */ = {
			isa = PBXSourcesBuildPhase;
			buildActionMask = 2147483647;
			files = (
				60DF74C622DB0D2100629CFA /* AppDelegate.swift in Sources */,
				60DF74C522DB0D2100629CFA /* ViewController.swift in Sources */,
			);
			runOnlyForDeploymentPostprocessing = 0;
		};
		60DF74AA22DB0ACA00629CFA /* Sources */ = {
			isa = PBXSourcesBuildPhase;
			buildActionMask = 2147483647;
			files = (
				60DF74B122DB0ACB00629CFA /* TicTackToeTests.swift in Sources */,
			);
			runOnlyForDeploymentPostprocessing = 0;
		};
/* End PBXSourcesBuildPhase section */

/* Begin PBXTargetDependency section */
		60DF74B422DB0ACB00629CFA /* PBXTargetDependency */ = {
			isa = PBXTargetDependency;
			target = 60DF749422DB0A9F00629CFA /* TicTackToe */;
			targetProxy = 60DF74B322DB0ACB00629CFA /* PBXContainerItemProxy */;
		};
/* End PBXTargetDependency section */

/* Begin PBXVariantGroup section */
		60DF74BA22DB0D2100629CFA /* LaunchScreen.storyboard */ = {
			isa = PBXVariantGroup;
			children = (
				60DF74BB22DB0D2100629CFA /* Base */,
			);
			name = LaunchScreen.storyboard;
			sourceTree = "<group>";
		};
		60DF74BC22DB0D2100629CFA /* Main.storyboard */ = {
			isa = PBXVariantGroup;
			children = (
				60DF74BD22DB0D2100629CFA /* Base */,
			);
			name = Main.storyboard;
			sourceTree = "<group>";
		};
/* End PBXVariantGroup section */

/* Begin XCBuildConfiguration section */
		60DF74A522DB0AA200629CFA /* Debug */ = {
			isa = XCBuildConfiguration;
			buildSettings = {
				ALWAYS_SEARCH_USER_PATHS = NO;
				CLANG_ANALYZER_NONNULL = YES;
				CLANG_ANALYZER_NUMBER_OBJECT_CONVERSION = YES_AGGRESSIVE;
				CLANG_CXX_LANGUAGE_STANDARD = "gnu++14";
				CLANG_CXX_LIBRARY = "libc++";
				CLANG_ENABLE_MODULES = YES;
				CLANG_ENABLE_OBJC_ARC = YES;
				CLANG_ENABLE_OBJC_WEAK = YES;
				CLANG_WARN_BLOCK_CAPTURE_AUTORELEASING = YES;
				CLANG_WARN_BOOL_CONVERSION = YES;
				CLANG_WARN_COMMA = YES;
				CLANG_WARN_CONSTANT_CONVERSION = YES;
				CLANG_WARN_DEPRECATED_OBJC_IMPLEMENTATIONS = YES;
				CLANG_WARN_DIRECT_OBJC_ISA_USAGE = YES_ERROR;
				CLANG_WARN_DOCUMENTATION_COMMENTS = YES;
				CLANG_WARN_EMPTY_BODY = YES;
				CLANG_WARN_ENUM_CONVERSION = YES;
				CLANG_WARN_INFINITE_RECURSION = YES;
				CLANG_WARN_INT_CONVERSION = YES;
				CLANG_WARN_NON_LITERAL_NULL_CONVERSION = YES;
				CLANG_WARN_OBJC_IMPLICIT_RETAIN_SELF = YES;
				CLANG_WARN_OBJC_LITERAL_CONVERSION = YES;
				CLANG_WARN_OBJC_ROOT_CLASS = YES_ERROR;
				CLANG_WARN_RANGE_LOOP_ANALYSIS = YES;
				CLANG_WARN_STRICT_PROTOTYPES = YES;
				CLANG_WARN_SUSPICIOUS_MOVE = YES;
				CLANG_WARN_UNGUARDED_AVAILABILITY = YES_AGGRESSIVE;
				CLANG_WARN_UNREACHABLE_CODE = YES;
				CLANG_WARN__DUPLICATE_METHOD_MATCH = YES;
				CODE_SIGN_IDENTITY = "iPhone Developer";
				COPY_PHASE_STRIP = NO;
				DEBUG_INFORMATION_FORMAT = dwarf;
				ENABLE_STRICT_OBJC_MSGSEND = YES;
				ENABLE_TESTABILITY = YES;
				GCC_C_LANGUAGE_STANDARD = gnu11;
				GCC_DYNAMIC_NO_PIC = NO;
				GCC_NO_COMMON_BLOCKS = YES;
				GCC_OPTIMIZATION_LEVEL = 0;
				GCC_PREPROCESSOR_DEFINITIONS = (
					"DEBUG=1",
					"$(inherited)",
				);
				GCC_WARN_64_TO_32_BIT_CONVERSION = YES;
				GCC_WARN_ABOUT_RETURN_TYPE = YES_ERROR;
				GCC_WARN_UNDECLARED_SELECTOR = YES;
				GCC_WARN_UNINITIALIZED_AUTOS = YES_AGGRESSIVE;
				GCC_WARN_UNUSED_FUNCTION = YES;
				GCC_WARN_UNUSED_VARIABLE = YES;
				IPHONEOS_DEPLOYMENT_TARGET = 12.2;
				MTL_ENABLE_DEBUG_INFO = INCLUDE_SOURCE;
				MTL_FAST_MATH = YES;
				ONLY_ACTIVE_ARCH = YES;
				SDKROOT = iphoneos;
				SWIFT_ACTIVE_COMPILATION_CONDITIONS = DEBUG;
				SWIFT_OPTIMIZATION_LEVEL = "-Onone";
			};
			name = Debug;
		};
		60DF74A622DB0AA200629CFA /* Release */ = {
			isa = XCBuildConfiguration;
			buildSettings = {
				ALWAYS_SEARCH_USER_PATHS = NO;
				CLANG_ANALYZER_NONNULL = YES;
				CLANG_ANALYZER_NUMBER_OBJECT_CONVERSION = YES_AGGRESSIVE;
				CLANG_CXX_LANGUAGE_STANDARD = "gnu++14";
				CLANG_CXX_LIBRARY = "libc++";
				CLANG_ENABLE_MODULES = YES;
				CLANG_ENABLE_OBJC_ARC = YES;
				CLANG_ENABLE_OBJC_WEAK = YES;
				CLANG_WARN_BLOCK_CAPTURE_AUTORELEASING = YES;
				CLANG_WARN_BOOL_CONVERSION = YES;
				CLANG_WARN_COMMA = YES;
				CLANG_WARN_CONSTANT_CONVERSION = YES;
				CLANG_WARN_DEPRECATED_OBJC_IMPLEMENTATIONS = YES;
				CLANG_WARN_DIRECT_OBJC_ISA_USAGE = YES_ERROR;
				CLANG_WARN_DOCUMENTATION_COMMENTS = YES;
				CLANG_WARN_EMPTY_BODY = YES;
				CLANG_WARN_ENUM_CONVERSION = YES;
				CLANG_WARN_INFINITE_RECURSION = YES;
				CLANG_WARN_INT_CONVERSION = YES;
				CLANG_WARN_NON_LITERAL_NULL_CONVERSION = YES;
				CLANG_WARN_OBJC_IMPLICIT_RETAIN_SELF = YES;
				CLANG_WARN_OBJC_LITERAL_CONVERSION = YES;
				CLANG_WARN_OBJC_ROOT_CLASS = YES_ERROR;
				CLANG_WARN_RANGE_LOOP_ANALYSIS = YES;
				CLANG_WARN_STRICT_PROTOTYPES = YES;
				CLANG_WARN_SUSPICIOUS_MOVE = YES;
				CLANG_WARN_UNGUARDED_AVAILABILITY = YES_AGGRESSIVE;
				CLANG_WARN_UNREACHABLE_CODE = YES;
				CLANG_WARN__DUPLICATE_METHOD_MATCH = YES;
				CODE_SIGN_IDENTITY = "iPhone Developer";
				COPY_PHASE_STRIP = NO;
				DEBUG_INFORMATION_FORMAT = "dwarf-with-dsym";
				ENABLE_NS_ASSERTIONS = NO;
				ENABLE_STRICT_OBJC_MSGSEND = YES;
				GCC_C_LANGUAGE_STANDARD = gnu11;
				GCC_NO_COMMON_BLOCKS = YES;
				GCC_WARN_64_TO_32_BIT_CONVERSION = YES;
				GCC_WARN_ABOUT_RETURN_TYPE = YES_ERROR;
				GCC_WARN_UNDECLARED_SELECTOR = YES;
				GCC_WARN_UNINITIALIZED_AUTOS = YES_AGGRESSIVE;
				GCC_WARN_UNUSED_FUNCTION = YES;
				GCC_WARN_UNUSED_VARIABLE = YES;
				IPHONEOS_DEPLOYMENT_TARGET = 12.2;
				MTL_ENABLE_DEBUG_INFO = NO;
				MTL_FAST_MATH = YES;
				SDKROOT = iphoneos;
				SWIFT_COMPILATION_MODE = wholemodule;
				SWIFT_OPTIMIZATION_LEVEL = "-O";
				VALIDATE_PRODUCT = YES;
			};
			name = Release;
		};
		60DF74A822DB0AA200629CFA /* Debug */ = {
			isa = XCBuildConfiguration;
			buildSettings = {
				ASSETCATALOG_COMPILER_APPICON_NAME = AppIcon;
				CODE_SIGN_STYLE = Automatic;
				DEVELOPMENT_TEAM = 7R2H7J9PW2;
				INFOPLIST_FILE = "$(SRCROOT)/Resources/Info.plist";
				LD_RUNPATH_SEARCH_PATHS = (
					"$(inherited)",
					"@executable_path/Frameworks",
				);
				PRODUCT_BUNDLE_IDENTIFIER = com.blueantcorp.TicTackToe;
				PRODUCT_NAME = "$(TARGET_NAME)";
				SWIFT_VERSION = 5.0;
				TARGETED_DEVICE_FAMILY = "1,2";
			};
			name = Debug;
		};
		60DF74A922DB0AA200629CFA /* Release */ = {
			isa = XCBuildConfiguration;
			buildSettings = {
				ASSETCATALOG_COMPILER_APPICON_NAME = AppIcon;
				CODE_SIGN_STYLE = Automatic;
				DEVELOPMENT_TEAM = 7R2H7J9PW2;
				INFOPLIST_FILE = "$(SRCROOT)/Resources/Info.plist";
				LD_RUNPATH_SEARCH_PATHS = (
					"$(inherited)",
					"@executable_path/Frameworks",
				);
				PRODUCT_BUNDLE_IDENTIFIER = com.blueantcorp.TicTackToe;
				PRODUCT_NAME = "$(TARGET_NAME)";
				SWIFT_VERSION = 5.0;
				TARGETED_DEVICE_FAMILY = "1,2";
			};
			name = Release;
		};
		60DF74B622DB0ACB00629CFA /* Debug */ = {
			isa = XCBuildConfiguration;
			buildSettings = {
				ALWAYS_EMBED_SWIFT_STANDARD_LIBRARIES = YES;
				BUNDLE_LOADER = "$(TEST_HOST)";
				CODE_SIGN_STYLE = Automatic;
				DEVELOPMENT_TEAM = 7R2H7J9PW2;
				INFOPLIST_FILE = TicTackToeTests/Info.plist;
				LD_RUNPATH_SEARCH_PATHS = (
					"$(inherited)",
					"@executable_path/Frameworks",
					"@loader_path/Frameworks",
				);
				PRODUCT_BUNDLE_IDENTIFIER = com.blueantcorp.TicTackToeTests;
				PRODUCT_NAME = "$(TARGET_NAME)";
				SWIFT_VERSION = 5.0;
				TARGETED_DEVICE_FAMILY = "1,2";
				TEST_HOST = "$(BUILT_PRODUCTS_DIR)/TicTackToe.app/TicTackToe";
			};
			name = Debug;
		};
		60DF74B722DB0ACB00629CFA /* Release */ = {
			isa = XCBuildConfiguration;
			buildSettings = {
				ALWAYS_EMBED_SWIFT_STANDARD_LIBRARIES = YES;
				BUNDLE_LOADER = "$(TEST_HOST)";
				CODE_SIGN_STYLE = Automatic;
				DEVELOPMENT_TEAM = 7R2H7J9PW2;
				INFOPLIST_FILE = TicTackToeTests/Info.plist;
				LD_RUNPATH_SEARCH_PATHS = (
					"$(inherited)",
					"@executable_path/Frameworks",
					"@loader_path/Frameworks",
				);
				PRODUCT_BUNDLE_IDENTIFIER = com.blueantcorp.TicTackToeTests;
				PRODUCT_NAME = "$(TARGET_NAME)";
				SWIFT_VERSION = 5.0;
				TARGETED_DEVICE_FAMILY = "1,2";
				TEST_HOST = "$(BUILT_PRODUCTS_DIR)/TicTackToe.app/TicTackToe";
			};
			name = Release;
		};
/* End XCBuildConfiguration section */

/* Begin XCConfigurationList section */
		60DF749022DB0A9F00629CFA /* Build configuration list for PBXProject "TicTackToe" */ = {
			isa = XCConfigurationList;
			buildConfigurations = (
				60DF74A522DB0AA200629CFA /* Debug */,
				60DF74A622DB0AA200629CFA /* Release */,
			);
			defaultConfigurationIsVisible = 0;
			defaultConfigurationName = Release;
		};
		60DF74A722DB0AA200629CFA /* Build configuration list for PBXNativeTarget "TicTackToe" */ = {
			isa = XCConfigurationList;
			buildConfigurations = (
				60DF74A822DB0AA200629CFA /* Debug */,
				60DF74A922DB0AA200629CFA /* Release */,
			);
			defaultConfigurationIsVisible = 0;
			defaultConfigurationName = Release;
		};
		60DF74B522DB0ACB00629CFA /* Build configuration list for PBXNativeTarget "TicTackToeTests" */ = {
			isa = XCConfigurationList;
			buildConfigurations = (
				60DF74B622DB0ACB00629CFA /* Debug */,
				60DF74B722DB0ACB00629CFA /* Release */,
			);
			defaultConfigurationIsVisible = 0;
			defaultConfigurationName = Release;
		};
/* End XCConfigurationList section */
	};
	rootObject = 60DF748D22DB0A9F00629CFA /* Project object */;
}
